PODS:
  - LocalAuthenticator (0.1.0)

DEPENDENCIES:
  - LocalAuthenticator (from `../`)

EXTERNAL SOURCES:
  LocalAuthenticator:
    :path: "../"

SPEC CHECKSUMS:
  LocalAuthenticator: d6c739d280751c5e08d9f8ecbf971ab734fccfcc

PODFILE CHECKSUM: 3022c13114b304163729e03ac8e420327c0b50ec

COCOAPODS: 1.8.4
